// !$*UTF8*$!
{
	archiveVersion = 1;
	classes = {
	};
	objectVersion = 77;
	objects = {

/* Begin PBXBuildFile section */
		CL10000100000001AA000001 /* SocketIO in Frameworks */ = {isa = PBXBuildFile; productRef = CL20000100000001AA000001 /* SocketIO */; };
		CL10000100000002AA000002 /* CodeLightProtocol in Frameworks */ = {isa = PBXBuildFile; productRef = CL20000100000002AA000002 /* CodeLightProtocol */; };
		CL10000100000003AA000003 /* CodeLightCrypto in Frameworks */ = {isa = PBXBuildFile; productRef = CL20000100000003AA000003 /* CodeLightCrypto */; };
		CLW0000700000001AA000001 /* CodeLightWidgetExtension.appex in Embed Foundation Extensions */ = {isa = PBXBuildFile; fileRef = CLW0000100000001AA000001 /* CodeLightWidgetExtension.appex */; settings = {ATTRIBUTES = (RemoveHeadersOnCopy, ); }; };
/* End PBXBuildFile section */

/* Begin PBXContainerItemProxy section */
		CLW0000400000001AA000001 /* PBXContainerItemProxy */ = {
			isa = PBXContainerItemProxy;
			containerPortal = CL90000100000001AA000001 /* Project object */;
			proxyType = 1;
			remoteGlobalIDString = CLW0000300000001AA000001;
			remoteInfo = CodeLightWidgetExtension;
		};
/* End PBXContainerItemProxy section */

/* Begin PBXCopyFilesBuildPhase section */
		CLW0000600000001AA000001 /* Embed Foundation Extensions */ = {
			isa = PBXCopyFilesBuildPhase;
			buildActionMask = 2147483647;
			dstPath = "";
			dstSubfolderSpec = 13;
			files = (
				CLW0000700000001AA000001 /* CodeLightWidgetExtension.appex in Embed Foundation Extensions */,
			);
			name = "Embed Foundation Extensions";
			runOnlyForDeploymentPostprocessing = 0;
		};
/* End PBXCopyFilesBuildPhase section */

/* Begin PBXFileReference section */
		CL30000100000001AA000001 /* CodeLight.app */ = {isa = PBXFileReference; explicitFileType = wrapper.application; includeInIndex = 0; path = CodeLight.app; sourceTree = BUILT_PRODUCTS_DIR; };
		CLW0000100000001AA000001 /* CodeLightWidgetExtension.appex */ = {isa = PBXFileReference; explicitFileType = "wrapper.app-extension"; includeInIndex = 0; path = CodeLightWidgetExtension.appex; sourceTree = BUILT_PRODUCTS_DIR; };
/* End PBXFileReference section */

/* Begin PBXFileSystemSynchronizedBuildFileExceptionSet section */
		CLW0000200000002AA000002 /* Exceptions for "CodeLightWidget" folder in "CodeLightWidgetExtension" target */ = {
			isa = PBXFileSystemSynchronizedBuildFileExceptionSet;
			membershipExceptions = (
				Info.plist,
			);
			target = CLW0000300000001AA000001 /* CodeLightWidgetExtension */;
		};
/* End PBXFileSystemSynchronizedBuildFileExceptionSet section */

/* Begin PBXFileSystemSynchronizedRootGroup section */
		CL40000100000001AA000001 /* CodeLight */ = {
			isa = PBXFileSystemSynchronizedRootGroup;
			path = CodeLight;
			sourceTree = "<group>";
		};
		CLW0000200000001AA000001 /* CodeLightWidget */ = {
			isa = PBXFileSystemSynchronizedRootGroup;
			exceptions = (
				CLW0000200000002AA000002 /* Exceptions for "CodeLightWidget" folder in "CodeLightWidgetExtension" target */,
			);
			path = CodeLightWidget;
			sourceTree = "<group>";
		};
/* End PBXFileSystemSynchronizedRootGroup section */

/* Begin PBXFrameworksBuildPhase section */
		CL50000100000001AA000001 /* Frameworks */ = {
			isa = PBXFrameworksBuildPhase;
			buildActionMask = 2147483647;
			files = (
				CL10000100000001AA000001 /* SocketIO in Frameworks */,
				CL10000100000002AA000002 /* CodeLightProtocol in Frameworks */,
				CL10000100000003AA000003 /* CodeLightCrypto in Frameworks */,
			);
			runOnlyForDeploymentPostprocessing = 0;
		};
		CLW0000300000003AA000003 /* Frameworks */ = {
			isa = PBXFrameworksBuildPhase;
			buildActionMask = 2147483647;
			files = (
			);
			runOnlyForDeploymentPostprocessing = 0;
		};
/* End PBXFrameworksBuildPhase section */

/* Begin PBXGroup section */
		CL60000100000001AA000001 = {
			isa = PBXGroup;
			children = (
				CL40000100000001AA000001 /* CodeLight */,
				CLW0000200000001AA000001 /* CodeLightWidget */,
				CL60000100000002AA000002 /* Products */,
			);
			sourceTree = "<group>";
		};
		CL60000100000002AA000002 /* Products */ = {
			isa = PBXGroup;
			children = (
				CL30000100000001AA000001 /* CodeLight.app */,
				CLW0000100000001AA000001 /* CodeLightWidgetExtension.appex */,
			);
			name = Products;
			sourceTree = "<group>";
		};
/* End PBXGroup section */

/* Begin PBXNativeTarget section */
		CL70000100000001AA000001 /* CodeLight */ = {
			isa = PBXNativeTarget;
			buildConfigurationList = CL80000100000003AA000003 /* Build configuration list for PBXNativeTarget "CodeLight" */;
			buildPhases = (
				CL50000100000002AA000002 /* Sources */,
				CL50000100000001AA000001 /* Frameworks */,
				CL50000100000003AA000003 /* Resources */,
				CLW0000600000001AA000001 /* Embed Foundation Extensions */,
			);
			buildRules = (
			);
			dependencies = (
				CLW0000500000001AA000001 /* PBXTargetDependency */,
			);
			fileSystemSynchronizedGroups = (
				CL40000100000001AA000001 /* CodeLight */,
			);
			name = CodeLight;
			packageProductDependencies = (
				CL20000100000001AA000001 /* SocketIO */,
				CL20000100000002AA000002 /* CodeLightProtocol */,
				CL20000100000003AA000003 /* CodeLightCrypto */,
			);
			productName = CodeLight;
			productReference = CL30000100000001AA000001 /* CodeLight.app */;
			productType = "com.apple.product-type.application";
		};
		CLW0000300000001AA000001 /* CodeLightWidgetExtension */ = {
			isa = PBXNativeTarget;
			buildConfigurationList = CLW0000800000001AA000001 /* Build configuration list for PBXNativeTarget "CodeLightWidgetExtension" */;
			buildPhases = (
				CLW0000300000002AA000002 /* Sources */,
				CLW0000300000003AA000003 /* Frameworks */,
				CLW0000300000004AA000004 /* Resources */,
			);
			buildRules = (
			);
			dependencies = (
			);
			fileSystemSynchronizedGroups = (
				CLW0000200000001AA000001 /* CodeLightWidget */,
			);
			name = CodeLightWidgetExtension;
			productName = CodeLightWidgetExtension;
			productReference = CLW0000100000001AA000001 /* CodeLightWidgetExtension.appex */;
			productType = "com.apple.product-type.app-extension";
		};
/* End PBXNativeTarget section */

/* Begin PBXProject section */
		CL90000100000001AA000001 /* Project object */ = {
			isa = PBXProject;
			attributes = {
				BuildIndependentTargetsInParallel = 1;
				LastSwiftUpdateCheck = 2610;
				LastUpgradeCheck = 2620;
				TargetAttributes = {
					CL70000100000001AA000001 = {
						CreatedOnToolsVersion = 26.1.1;
					};
					CLW0000300000001AA000001 = {
						CreatedOnToolsVersion = 26.1.1;
					};
				};
			};
			buildConfigurationList = CL80000100000001AA000001 /* Build configuration list for PBXProject "CodeLight" */;
			developmentRegion = en;
			hasScannedForEncodings = 0;
			knownRegions = (
				en,
				"zh-Hans",
				Base,
			);
			mainGroup = CL60000100000001AA000001;
			minimizedProjectReferenceProxies = 1;
			packageReferences = (
				CLA0000100000001AA000001 /* XCRemoteSwiftPackageReference "socket" */,
				CLA0000100000002AA000002 /* XCLocalSwiftPackageReference "../packages/CodeLightProtocol" */,
				CLA0000100000003AA000003 /* XCLocalSwiftPackageReference "../packages/CodeLightCrypto" */,
			);
			preferredProjectObjectVersion = 77;
			productRefGroup = CL60000100000002AA000002 /* Products */;
			projectDirPath = "";
			projectRoot = "";
			targets = (
				CL70000100000001AA000001 /* CodeLight */,
				CLW0000300000001AA000001 /* CodeLightWidgetExtension */,
			);
		};
/* End PBXProject section */

/* Begin PBXResourcesBuildPhase section */
		CL50000100000003AA000003 /* Resources */ = {
			isa = PBXResourcesBuildPhase;
			buildActionMask = 2147483647;
			files = (
			);
			runOnlyForDeploymentPostprocessing = 0;
		};
		CLW0000300000004AA000004 /* Resources */ = {
			isa = PBXResourcesBuildPhase;
			buildActionMask = 2147483647;
			files = (
			);
			runOnlyForDeploymentPostprocessing = 0;
		};
/* End PBXResourcesBuildPhase section */

/* Begin PBXSourcesBuildPhase section */
		CL50000100000002AA000002 /* Sources */ = {
			isa = PBXSourcesBuildPhase;
			buildActionMask = 2147483647;
			files = (
			);
			runOnlyForDeploymentPostprocessing = 0;
		};
		CLW0000300000002AA000002 /* Sources */ = {
			isa = PBXSourcesBuildPhase;
			buildActionMask = 2147483647;
			files = (
			);
			runOnlyForDeploymentPostprocessing = 0;
		};
/* End PBXSourcesBuildPhase section */

/* Begin PBXTargetDependency section */
		CLW0000500000001AA000001 /* PBXTargetDependency */ = {
			isa = PBXTargetDependency;
			target = CLW0000300000001AA000001 /* CodeLightWidgetExtension */;
			targetProxy = CLW0000400000001AA000001 /* PBXContainerItemProxy */;
		};
/* End PBXTargetDependency section */

/* Begin XCBuildConfiguration section */
		CLB0000100000001AA000001 /* Debug */ = {
			isa = XCBuildConfiguration;
			buildSettings = {
				ALWAYS_SEARCH_USER_PATHS = NO;
				ASSETCATALOG_COMPILER_GENERATE_SWIFT_ASSET_SYMBOL_EXTENSIONS = YES;
				CLANG_ANALYZER_NONNULL = YES;
				CLANG_ANALYZER_NUMBER_OBJECT_CONVERSION = YES_AGGRESSIVE;
				CLANG_CXX_LANGUAGE_STANDARD = "gnu++20";
				CLANG_ENABLE_MODULES = YES;
				CLANG_ENABLE_OBJC_ARC = YES;
				CLANG_ENABLE_OBJC_WEAK = YES;
				CLANG_WARN_BLOCK_CAPTURE_AUTORELEASING = YES;
				CLANG_WARN_BOOL_CONVERSION = YES;
				CLANG_WARN_COMMA = YES;
				CLANG_WARN_CONSTANT_CONVERSION = YES;
				CLANG_WARN_DEPRECATED_OBJC_IMPLEMENTATIONS = YES;
				CLANG_WARN_DIRECT_OBJC_ISA_USAGE = YES_ERROR;
				CLANG_WARN_DOCUMENTATION_COMMENTS = YES;
				CLANG_WARN_EMPTY_BODY = YES;
				CLANG_WARN_ENUM_CONVERSION = YES;
				CLANG_WARN_INFINITE_RECURSION = YES;
				CLANG_WARN_INT_CONVERSION = YES;
				CLANG_WARN_NON_LITERAL_NULL_CONVERSION = YES;
				CLANG_WARN_OBJC_IMPLICIT_RETAIN_SELF = YES;
				CLANG_WARN_OBJC_LITERAL_CONVERSION = YES;
				CLANG_WARN_OBJC_ROOT_CLASS = YES_ERROR;
				CLANG_WARN_QUOTED_INCLUDE_IN_FRAMEWORK_HEADER = YES;
				CLANG_WARN_RANGE_LOOP_ANALYSIS = YES;
				CLANG_WARN_STRICT_PROTOTYPES = YES;
				CLANG_WARN_SUSPICIOUS_MOVE = YES;
				CLANG_WARN_UNGUARDED_AVAILABILITY = YES_AGGRESSIVE;
				CLANG_WARN_UNREACHABLE_CODE = YES;
				CLANG_WARN__DUPLICATE_METHOD_MATCH = YES;
				COPY_PHASE_STRIP = NO;
				DEBUG_INFORMATION_FORMAT = dwarf;
				ENABLE_STRICT_OBJC_MSGSEND = YES;
				ENABLE_TESTABILITY = YES;
				ENABLE_USER_SCRIPT_SANDBOXING = YES;
				GCC_C_LANGUAGE_STANDARD = gnu17;
				GCC_DYNAMIC_NO_PIC = NO;
				GCC_NO_COMMON_BLOCKS = YES;
				GCC_OPTIMIZATION_LEVEL = 0;
				GCC_PREPROCESSOR_DEFINITIONS = (
					"DEBUG=1",
					"$(inherited)",
				);
				GCC_WARN_64_TO_32_BIT_CONVERSION = YES;
				GCC_WARN_ABOUT_RETURN_TYPE = YES_ERROR;
				GCC_WARN_UNDECLARED_SELECTOR = YES;
				GCC_WARN_UNINITIALIZED_AUTOS = YES_AGGRESSIVE;
				GCC_WARN_UNUSED_FUNCTION = YES;
				GCC_WARN_UNUSED_VARIABLE = YES;
				IPHONEOS_DEPLOYMENT_TARGET = 17.0;
				LOCALIZATION_PREFERS_STRING_CATALOGS = YES;
				MTL_ENABLE_DEBUG_INFO = INCLUDE_SOURCE;
				MTL_FAST_MATH = YES;
				ONLY_ACTIVE_ARCH = YES;
				SDKROOT = iphoneos;
				STRING_CATALOG_GENERATE_SYMBOLS = YES;
				SWIFT_ACTIVE_COMPILATION_CONDITIONS = "DEBUG $(inherited)";
				SWIFT_OPTIMIZATION_LEVEL = "-Onone";
			};
			name = Debug;
		};
		CLB0000100000002AA000002 /* Release */ = {
			isa = XCBuildConfiguration;
			buildSettings = {
				ALWAYS_SEARCH_USER_PATHS = NO;
				ASSETCATALOG_COMPILER_GENERATE_SWIFT_ASSET_SYMBOL_EXTENSIONS = YES;
				CLANG_ANALYZER_NONNULL = YES;
				CLANG_ANALYZER_NUMBER_OBJECT_CONVERSION = YES_AGGRESSIVE;
				CLANG_CXX_LANGUAGE_STANDARD = "gnu++20";
				CLANG_ENABLE_MODULES = YES;
				CLANG_ENABLE_OBJC_ARC = YES;
				CLANG_ENABLE_OBJC_WEAK = YES;
				CLANG_WARN_BLOCK_CAPTURE_AUTORELEASING = YES;
				CLANG_WARN_BOOL_CONVERSION = YES;
				CLANG_WARN_COMMA = YES;
				CLANG_WARN_CONSTANT_CONVERSION = YES;
				CLANG_WARN_DEPRECATED_OBJC_IMPLEMENTATIONS = YES;
				CLANG_WARN_DIRECT_OBJC_ISA_USAGE = YES_ERROR;
				CLANG_WARN_DOCUMENTATION_COMMENTS = YES;
				CLANG_WARN_EMPTY_BODY = YES;
				CLANG_WARN_ENUM_CONVERSION = YES;
				CLANG_WARN_INFINITE_RECURSION = YES;
				CLANG_WARN_INT_CONVERSION = YES;
				CLANG_WARN_NON_LITERAL_NULL_CONVERSION = YES;
				CLANG_WARN_OBJC_IMPLICIT_RETAIN_SELF = YES;
				CLANG_WARN_OBJC_LITERAL_CONVERSION = YES;
				CLANG_WARN_OBJC_ROOT_CLASS = YES_ERROR;
				CLANG_WARN_QUOTED_INCLUDE_IN_FRAMEWORK_HEADER = YES;
				CLANG_WARN_RANGE_LOOP_ANALYSIS = YES;
				CLANG_WARN_STRICT_PROTOTYPES = YES;
				CLANG_WARN_SUSPICIOUS_MOVE = YES;
				CLANG_WARN_UNGUARDED_AVAILABILITY = YES_AGGRESSIVE;
				CLANG_WARN_UNREACHABLE_CODE = YES;
				CLANG_WARN__DUPLICATE_METHOD_MATCH = YES;
				COPY_PHASE_STRIP = NO;
				DEBUG_INFORMATION_FORMAT = "dwarf-with-dsym";
				ENABLE_NS_ASSERTIONS = NO;
				ENABLE_STRICT_OBJC_MSGSEND = YES;
				ENABLE_USER_SCRIPT_SANDBOXING = YES;
				GCC_C_LANGUAGE_STANDARD = gnu17;
				GCC_NO_COMMON_BLOCKS = YES;
				GCC_WARN_64_TO_32_BIT_CONVERSION = YES;
				GCC_WARN_ABOUT_RETURN_TYPE = YES_ERROR;
				GCC_WARN_UNDECLARED_SELECTOR = YES;
				GCC_WARN_UNINITIALIZED_AUTOS = YES_AGGRESSIVE;
				GCC_WARN_UNUSED_FUNCTION = YES;
				GCC_WARN_UNUSED_VARIABLE = YES;
				IPHONEOS_DEPLOYMENT_TARGET = 17.0;
				LOCALIZATION_PREFERS_STRING_CATALOGS = YES;
				MTL_ENABLE_DEBUG_INFO = NO;
				MTL_FAST_MATH = YES;
				SDKROOT = iphoneos;
				STRING_CATALOG_GENERATE_SYMBOLS = YES;
				SWIFT_COMPILATION_MODE = wholemodule;
				VALIDATE_PRODUCT = YES;
			};
			name = Release;
		};
		CLB0000100000003AA000003 /* Debug */ = {
			isa = XCBuildConfiguration;
			buildSettings = {
				ASSETCATALOG_COMPILER_APPICON_NAME = AppIcon;
				ASSETCATALOG_COMPILER_GLOBAL_ACCENT_COLOR_NAME = AccentColor;
				CODE_SIGN_STYLE = Automatic;
				CURRENT_PROJECT_VERSION = 1;
				DEVELOPMENT_TEAM = 4GT6V2DUTF;
				GENERATE_INFOPLIST_FILE = YES;
				INFOPLIST_KEY_CFBundleDisplayName = CodeLight;
				INFOPLIST_KEY_NSCameraUsageDescription = "CodeLight needs camera access to scan QR codes for device pairing.";
				INFOPLIST_KEY_NSSupportsLiveActivities = YES;
				INFOPLIST_KEY_UIApplicationSceneManifest_Generation = YES;
				INFOPLIST_KEY_UIApplicationSupportsIndirectInputEvents = YES;
				INFOPLIST_KEY_UILaunchScreen_Generation = YES;
				INFOPLIST_KEY_UISupportedInterfaceOrientations_iPad = "UIInterfaceOrientationPortrait UIInterfaceOrientationPortraitUpsideDown UIInterfaceOrientationLandscapeLeft UIInterfaceOrientationLandscapeRight";
				INFOPLIST_KEY_UISupportedInterfaceOrientations_iPhone = "UIInterfaceOrientationPortrait UIInterfaceOrientationLandscapeLeft UIInterfaceOrientationLandscapeRight";
				LD_RUNPATH_SEARCH_PATHS = (
					"$(inherited)",
					"@executable_path/Frameworks",
				);
				MARKETING_VERSION = 0.1.0;
				PRODUCT_BUNDLE_IDENTIFIER = com.codelight.app;
				PRODUCT_NAME = "$(TARGET_NAME)";
				SUPPORTED_PLATFORMS = "iphoneos iphonesimulator";
				SUPPORTS_MACCATALYST = NO;
				SWIFT_EMIT_LOC_STRINGS = YES;
				SWIFT_VERSION = 5.0;
				TARGETED_DEVICE_FAMILY = "1,2";
			};
			name = Debug;
		};
		CLB0000100000004AA000004 /* Release */ = {
			isa = XCBuildConfiguration;
			buildSettings = {
				ASSETCATALOG_COMPILER_APPICON_NAME = AppIcon;
				ASSETCATALOG_COMPILER_GLOBAL_ACCENT_COLOR_NAME = AccentColor;
				CODE_SIGN_STYLE = Automatic;
				CURRENT_PROJECT_VERSION = 1;
				DEVELOPMENT_TEAM = 4GT6V2DUTF;
				GENERATE_INFOPLIST_FILE = YES;
				INFOPLIST_KEY_CFBundleDisplayName = CodeLight;
				INFOPLIST_KEY_NSCameraUsageDescription = "CodeLight needs camera access to scan QR codes for device pairing.";
				INFOPLIST_KEY_NSSupportsLiveActivities = YES;
				INFOPLIST_KEY_UIApplicationSceneManifest_Generation = YES;
				INFOPLIST_KEY_UIApplicationSupportsIndirectInputEvents = YES;
				INFOPLIST_KEY_UILaunchScreen_Generation = YES;
				INFOPLIST_KEY_UISupportedInterfaceOrientations_iPad = "UIInterfaceOrientationPortrait UIInterfaceOrientationPortraitUpsideDown UIInterfaceOrientationLandscapeLeft UIInterfaceOrientationLandscapeRight";
				INFOPLIST_KEY_UISupportedInterfaceOrientations_iPhone = "UIInterfaceOrientationPortrait UIInterfaceOrientationLandscapeLeft UIInterfaceOrientationLandscapeRight";
				LD_RUNPATH_SEARCH_PATHS = (
					"$(inherited)",
					"@executable_path/Frameworks",
				);
				MARKETING_VERSION = 0.1.0;
				PRODUCT_BUNDLE_IDENTIFIER = com.codelight.app;
				PRODUCT_NAME = "$(TARGET_NAME)";
				SUPPORTED_PLATFORMS = "iphoneos iphonesimulator";
				SUPPORTS_MACCATALYST = NO;
				SWIFT_EMIT_LOC_STRINGS = YES;
				SWIFT_VERSION = 5.0;
				TARGETED_DEVICE_FAMILY = "1,2";
			};
			name = Release;
		};
		CLW0000900000001AA000001 /* Debug */ = {
			isa = XCBuildConfiguration;
			buildSettings = {
				CODE_SIGN_STYLE = Automatic;
				CURRENT_PROJECT_VERSION = 1;
				DEVELOPMENT_TEAM = 4GT6V2DUTF;
				GENERATE_INFOPLIST_FILE = NO;
				INFOPLIST_FILE = CodeLightWidget/Info.plist;
				INFOPLIST_KEY_CFBundleDisplayName = CodeLightWidget;
				INFOPLIST_KEY_NSSupportsLiveActivities = YES;
				LD_RUNPATH_SEARCH_PATHS = (
					"$(inherited)",
					"@executable_path/Frameworks",
					"@executable_path/../../Frameworks",
				);
				MARKETING_VERSION = 0.1.0;
				PRODUCT_BUNDLE_IDENTIFIER = com.codelight.app.widget;
				PRODUCT_NAME = "$(TARGET_NAME)";
				SKIP_INSTALL = YES;
				SUPPORTED_PLATFORMS = "iphoneos iphonesimulator";
				SWIFT_EMIT_LOC_STRINGS = YES;
				SWIFT_VERSION = 5.0;
				TARGETED_DEVICE_FAMILY = "1,2";
			};
			name = Debug;
		};
		CLW0000900000002AA000002 /* Release */ = {
			isa = XCBuildConfiguration;
			buildSettings = {
				CODE_SIGN_STYLE = Automatic;
				CURRENT_PROJECT_VERSION = 1;
				DEVELOPMENT_TEAM = 4GT6V2DUTF;
				GENERATE_INFOPLIST_FILE = NO;
				INFOPLIST_FILE = CodeLightWidget/Info.plist;
				INFOPLIST_KEY_CFBundleDisplayName = CodeLightWidget;
				INFOPLIST_KEY_NSSupportsLiveActivities = YES;
				LD_RUNPATH_SEARCH_PATHS = (
					"$(inherited)",
					"@executable_path/Frameworks",
					"@executable_path/../../Frameworks",
				);
				MARKETING_VERSION = 0.1.0;
				PRODUCT_BUNDLE_IDENTIFIER = com.codelight.app.widget;
				PRODUCT_NAME = "$(TARGET_NAME)";
				SKIP_INSTALL = YES;
				SUPPORTED_PLATFORMS = "iphoneos iphonesimulator";
				SWIFT_EMIT_LOC_STRINGS = YES;
				SWIFT_VERSION = 5.0;
				TARGETED_DEVICE_FAMILY = "1,2";
			};
			name = Release;
		};
/* End XCBuildConfiguration section */

/* Begin XCConfigurationList section */
		CL80000100000001AA000001 /* Build configuration list for PBXProject "CodeLight" */ = {
			isa = XCConfigurationList;
			buildConfigurations = (
				CLB0000100000001AA000001 /* Debug */,
				CLB0000100000002AA000002 /* Release */,
			);
			defaultConfigurationIsVisible = 0;
			defaultConfigurationName = Release;
		};
		CL80000100000003AA000003 /* Build configuration list for PBXNativeTarget "CodeLight" */ = {
			isa = XCConfigurationList;
			buildConfigurations = (
				CLB0000100000003AA000003 /* Debug */,
				CLB0000100000004AA000004 /* Release */,
			);
			defaultConfigurationIsVisible = 0;
			defaultConfigurationName = Release;
		};
		CLW0000800000001AA000001 /* Build configuration list for PBXNativeTarget "CodeLightWidgetExtension" */ = {
			isa = XCConfigurationList;
			buildConfigurations = (
				CLW0000900000001AA000001 /* Debug */,
				CLW0000900000002AA000002 /* Release */,
			);
			defaultConfigurationIsVisible = 0;
			defaultConfigurationName = Release;
		};
/* End XCConfigurationList section */

/* Begin XCLocalSwiftPackageReference section */
		CLA0000100000002AA000002 /* XCLocalSwiftPackageReference "../packages/CodeLightProtocol" */ = {
			isa = XCLocalSwiftPackageReference;
			relativePath = ../packages/CodeLightProtocol;
		};
		CLA0000100000003AA000003 /* XCLocalSwiftPackageReference "../packages/CodeLightCrypto" */ = {
			isa = XCLocalSwiftPackageReference;
			relativePath = ../packages/CodeLightCrypto;
		};
/* End XCLocalSwiftPackageReference section */

/* Begin XCRemoteSwiftPackageReference section */
		CLA0000100000001AA000001 /* XCRemoteSwiftPackageReference "socket" */ = {
			isa = XCRemoteSwiftPackageReference;
			repositoryURL = "https://github.com/socketio/socket.io-client-swift";
			requirement = {
				kind = upToNextMajorVersion;
				minimumVersion = 16.1.1;
			};
		};
/* End XCRemoteSwiftPackageReference section */

/* Begin XCSwiftPackageProductDependency section */
		CL20000100000001AA000001 /* SocketIO */ = {
			isa = XCSwiftPackageProductDependency;
			package = CLA0000100000001AA000001 /* XCRemoteSwiftPackageReference "socket" */;
			productName = SocketIO;
		};
		CL20000100000002AA000002 /* CodeLightProtocol */ = {
			isa = XCSwiftPackageProductDependency;
			package = CLA0000100000002AA000002 /* XCLocalSwiftPackageReference "../packages/CodeLightProtocol" */;
			productName = CodeLightProtocol;
		};
		CL20000100000003AA000003 /* CodeLightCrypto */ = {
			isa = XCSwiftPackageProductDependency;
			package = CLA0000100000003AA000003 /* XCLocalSwiftPackageReference "../packages/CodeLightCrypto" */;
			productName = CodeLightCrypto;
		};
/* End XCSwiftPackageProductDependency section */
	};
	rootObject = CL90000100000001AA000001 /* Project object */;
}
